
Microsoft Visual Studio Solution File, Format Version 12.00
# Visual Studio Version 17
VisualStudioVersion = 17.0.31903.59
MinimumVisualStudioVersion = 10.0.40219.1
Project("{2150E333-8FDC-42A3-9474-1A3956D46DE8}") = "src", "src", "{2F6798BD-8C0C-49BF-9DFF-7E69075BB412}"
EndProject
Project("{FAE04EC0-301F-11D3-BF4B-00C04F79EFBC}") = "DepSphere.Analyzer", "src\DepSphere.Analyzer\DepSphere.Analyzer.csproj", "{CEE1D4E0-C86C-4CAE-8252-ABBAE966A103}"
EndProject
Project("{2150E333-8FDC-42A3-9474-1A3956D46DE8}") = "tests", "tests", "{AAF0010C-BD96-4188-9A30-87A5EE8AF0EA}"
EndProject
Project("{FAE04EC0-301F-11D3-BF4B-00C04F79EFBC}") = "DepSphere.Analyzer.Tests", "tests\DepSphere.Analyzer.Tests\DepSphere.Analyzer.Tests.csproj", "{32C39240-6A58-4417-8DE2-05141E5163B0}"
EndProject
Global
	GlobalSection(SolutionConfigurationPlatforms) = preSolution
		Debug|Any CPU = Debug|Any CPU
		Release|Any CPU = Release|Any CPU
	EndGlobalSection
	GlobalSection(SolutionProperties) = preSolution
		HideSolutionNode = FALSE
	EndGlobalSection
	GlobalSection(ProjectConfigurationPlatforms) = postSolution
		{CEE1D4E0-C86C-4CAE-8252-ABBAE966A103}.Debug|Any CPU.ActiveCfg = Debug|Any CPU
		{CEE1D4E0-C86C-4CAE-8252-ABBAE966A103}.Debug|Any CPU.Build.0 = Debug|Any CPU
		{CEE1D4E0-C86C-4CAE-8252-ABBAE966A103}.Release|Any CPU.ActiveCfg = Release|Any CPU
		{CEE1D4E0-C86C-4CAE-8252-ABBAE966A103}.Release|Any CPU.Build.0 = Release|Any CPU
		{32C39240-6A58-4417-8DE2-05141E5163B0}.Debug|Any CPU.ActiveCfg = Debug|Any CPU
		{32C39240-6A58-4417-8DE2-05141E5163B0}.Debug|Any CPU.Build.0 = Debug|Any CPU
		{32C39240-6A58-4417-8DE2-05141E5163B0}.Release|Any CPU.ActiveCfg = Release|Any CPU
		{32C39240-6A58-4417-8DE2-05141E5163B0}.Release|Any CPU.Build.0 = Release|Any CPU
	EndGlobalSection
	GlobalSection(NestedProjects) = preSolution
		{CEE1D4E0-C86C-4CAE-8252-ABBAE966A103} = {2F6798BD-8C0C-49BF-9DFF-7E69075BB412}
		{32C39240-6A58-4417-8DE2-05141E5163B0} = {AAF0010C-BD96-4188-9A30-87A5EE8AF0EA}
	EndGlobalSection
EndGlobal
